github.com/Eyevinn/mp4ff v0.55.0 h1:wFShr5eqcJaVd15/uPMe747sAWPbz7dl2TfhusDx+Kk=
github.com/Eyevinn/mp4ff v0.55.0/go.mod h1:AhC+bOI7GSZmzuN4zFY9U76qMedbHI+8BdQXWrC9+8U=
github.com/go-test/deep v1.1.0 h1:WOcxcdHcvdgThNXjw0t76K42FXTU7HpNQWHpA2HHNlg=
github.com/go-test/deep v1.1.0/go.mod h1:5C2ZWiW0ErCdrYzpqxLbTX7MG14M9iiw8DgHncVwcsE=
